// !$*UTF8*$!
{
	archiveVersion = 1;
	classes = {
	};
	objectVersion = 46;
	objects = {

/* Begin PBXBuildFile section */
		2C4FE8C61B72A146002BA732 /* TestViewController.swift in Sources */ = {isa = PBXBuildFile; fileRef = 2C4FE8C51B72A146002BA732 /* TestViewController.swift */; };
		2C5625D01B751D590022C962 /* User.swift in Sources */ = {isa = PBXBuildFile; fileRef = 2C5625CF1B751D590022C962 /* User.swift */; };
		2C5625D61B7535CA0022C962 /* boba.jpg in Resources */ = {isa = PBXBuildFile; fileRef = 2C5625D11B7535CA0022C962 /* boba.jpg */; };
		2C5625D71B7535CA0022C962 /* gnc.jpeg in Resources */ = {isa = PBXBuildFile; fileRef = 2C5625D21B7535CA0022C962 /* gnc.jpeg */; };
		2C5625D81B7535CA0022C962 /* Lululemon.jpg in Resources */ = {isa = PBXBuildFile; fileRef = 2C5625D31B7535CA0022C962 /* Lululemon.jpg */; };
		2C5625D91B7535CA0022C962 /* sportsforum.jpg in Resources */ = {isa = PBXBuildFile; fileRef = 2C5625D41B7535CA0022C962 /* sportsforum.jpg */; };
		2C5625DA1B7535CA0022C962 /* Urbane.jpg in Resources */ = {isa = PBXBuildFile; fileRef = 2C5625D51B7535CA0022C962 /* Urbane.jpg */; };
		2C5828F51B6964B50099842B /* AppDelegate.swift in Sources */ = {isa = PBXBuildFile; fileRef = 2C5828F41B6964B50099842B /* AppDelegate.swift */; };
		2C5828F71B6964B50099842B /* HomeViewController.swift in Sources */ = {isa = PBXBuildFile; fileRef = 2C5828F61B6964B50099842B /* HomeViewController.swift */; };
		2C5828FC1B6964B50099842B /* Images.xcassets in Resources */ = {isa = PBXBuildFile; fileRef = 2C5828FB1B6964B50099842B /* Images.xcassets */; };
		2C5828FF1B6964B50099842B /* LaunchScreen.xib in Resources */ = {isa = PBXBuildFile; fileRef = 2C5828FD1B6964B50099842B /* LaunchScreen.xib */; };
		2C58290B1B6964B50099842B /* Motiv8Tests.swift in Sources */ = {isa = PBXBuildFile; fileRef = 2C58290A1B6964B50099842B /* Motiv8Tests.swift */; };
		2C5829151B69651A0099842B /* NavigationCell.swift in Sources */ = {isa = PBXBuildFile; fileRef = 2C5829141B69651A0099842B /* NavigationCell.swift */; };
		2C5829171B69653E0099842B /* NavigationTransitionOperator.swift in Sources */ = {isa = PBXBuildFile; fileRef = 2C5829161B69653E0099842B /* NavigationTransitionOperator.swift */; };
		2C5829191B69655D0099842B /* NavigationViewController.swift in Sources */ = {isa = PBXBuildFile; fileRef = 2C5829181B69655D0099842B /* NavigationViewController.swift */; };
		2C58291D1B6982720099842B /* motiv8gif.gif in Resources */ = {isa = PBXBuildFile; fileRef = 2C58291C1B6982720099842B /* motiv8gif.gif */; };
		2C5C98EF1B8CE76100B6DB08 /* FBSDKCoreKit.framework in Frameworks */ = {isa = PBXBuildFile; fileRef = 2C5C98ED1B8CE76100B6DB08 /* FBSDKCoreKit.framework */; };
		2C5DA1DA1B6AB5B7004C05C4 /* RewardsViewController.swift in Sources */ = {isa = PBXBuildFile; fileRef = 2C5DA1D91B6AB5B7004C05C4 /* RewardsViewController.swift */; };
		2C5DA1DC1B6ABB21004C05C4 /* CustomSegueClass.swift in Sources */ = {isa = PBXBuildFile; fileRef = 2C5DA1DB1B6ABB21004C05C4 /* CustomSegueClass.swift */; };
		2C5DA1DE1B6ABE98004C05C4 /* InitialViewController.swift in Sources */ = {isa = PBXBuildFile; fileRef = 2C5DA1DD1B6ABE98004C05C4 /* InitialViewController.swift */; };
		2C5DA1E01B6AC3C7004C05C4 /* LeaderboardViewController.swift in Sources */ = {isa = PBXBuildFile; fileRef = 2C5DA1DF1B6AC3C7004C05C4 /* LeaderboardViewController.swift */; };
		2C5DA1E21B6ACB82004C05C4 /* AboutViewController.swift in Sources */ = {isa = PBXBuildFile; fileRef = 2C5DA1E11B6ACB82004C05C4 /* AboutViewController.swift */; };
		2C5DA1E51B6ACC83004C05C4 /* Main.storyboard in Resources */ = {isa = PBXBuildFile; fileRef = 2C5DA1E31B6ACC83004C05C4 /* Main.storyboard */; };
		2C6DF8701B8517E700AACB2A /* AddGeoLocationViewController.swift in Sources */ = {isa = PBXBuildFile; fileRef = 2C6DF86F1B8517E700AACB2A /* AddGeoLocationViewController.swift */; };
		2C7AFB2D1B6FEE360056432C /* Product.swift in Sources */ = {isa = PBXBuildFile; fileRef = 2C7AFB2C1B6FEE360056432C /* Product.swift */; };
		2C7AFB2F1B6FEE5F0056432C /* ProductLine.swift in Sources */ = {isa = PBXBuildFile; fileRef = 2C7AFB2E1B6FEE5F0056432C /* ProductLine.swift */; };
		2C7AFB311B6FEEB30056432C /* ProductTableViewCell.swift in Sources */ = {isa = PBXBuildFile; fileRef = 2C7AFB301B6FEEB30056432C /* ProductTableViewCell.swift */; };
		2C7AFB331B6FEED30056432C /* ProductDetailViewController.swift in Sources */ = {isa = PBXBuildFile; fileRef = 2C7AFB321B6FEED30056432C /* ProductDetailViewController.swift */; };
		2C7AFB351B6FEEFB0056432C /* EditTableViewController.swift in Sources */ = {isa = PBXBuildFile; fileRef = 2C7AFB341B6FEEFB0056432C /* EditTableViewController.swift */; };
		2C7AFBA81B7014930056432C /* airport-express.png in Resources */ = {isa = PBXBuildFile; fileRef = 2C7AFB821B7014930056432C /* airport-express.png */; };
		2C7AFBA91B7014930056432C /* airport-extreme.png in Resources */ = {isa = PBXBuildFile; fileRef = 2C7AFB831B7014930056432C /* airport-extreme.png */; };
		2C7AFBAA1B7014930056432C /* airport-time-capsule.png in Resources */ = {isa = PBXBuildFile; fileRef = 2C7AFB841B7014930056432C /* airport-time-capsule.png */; };
		2C7AFBAB1B7014930056432C /* aperture.png in Resources */ = {isa = PBXBuildFile; fileRef = 2C7AFB851B7014930056432C /* aperture.png */; };
		2C7AFBAC1B7014930056432C /* apple-pay.png in Resources */ = {isa = PBXBuildFile; fileRef = 2C7AFB861B7014930056432C /* apple-pay.png */; };
		2C7AFBAD1B7014930056432C /* apple-tv.png in Resources */ = {isa = PBXBuildFile; fileRef = 2C7AFB871B7014930056432C /* apple-tv.png */; };
		2C7AFBAE1B7014930056432C /* apple-watch.png in Resources */ = {isa = PBXBuildFile; fileRef = 2C7AFB881B7014930056432C /* apple-watch.png */; };
		2C7AFBAF1B7014930056432C /* apple-wireless-keyboard.png in Resources */ = {isa = PBXBuildFile; fileRef = 2C7AFB891B7014930056432C /* apple-wireless-keyboard.png */; };
		2C7AFBB01B7014930056432C /* battery-charger.png in Resources */ = {isa = PBXBuildFile; fileRef = 2C7AFB8A1B7014930056432C /* battery-charger.png */; };
		2C7AFBB11B7014930056432C /* default@1x.png in Resources */ = {isa = PBXBuildFile; fileRef = 2C7AFB8B1B7014930056432C /* default@1x.png */; };
		2C7AFBB21B7014930056432C /* default@2x.png in Resources */ = {isa = PBXBuildFile; fileRef = 2C7AFB8C1B7014930056432C /* default@2x.png */; };
		2C7AFBB31B7014930056432C /* display.png in Resources */ = {isa = PBXBuildFile; fileRef = 2C7AFB8D1B7014930056432C /* display.png */; };
		2C7AFBB41B7014930056432C /* eyeball.png in Resources */ = {isa = PBXBuildFile; fileRef = 2C7AFB8E1B7014930056432C /* eyeball.png */; };
		2C7AFBB51B7014930056432C /* final-cut-pro-x.png in Resources */ = {isa = PBXBuildFile; fileRef = 2C7AFB8F1B7014930056432C /* final-cut-pro-x.png */; };
		2C7AFBB61B7014930056432C /* icloud.png in Resources */ = {isa = PBXBuildFile; fileRef = 2C7AFB901B7014930056432C /* icloud.png */; };
		2C7AFBB71B7014930056432C /* ilife.png in Resources */ = {isa = PBXBuildFile; fileRef = 2C7AFB911B7014930056432C /* ilife.png */; };
		2C7AFBB81B7014930056432C /* imac-5k.png in Resources */ = {isa = PBXBuildFile; fileRef = 2C7AFB921B7014930056432C /* imac-5k.png */; };
		2C7AFBB91B7014930056432C /* ios8.png in Resources */ = {isa = PBXBuildFile; fileRef = 2C7AFB931B7014930056432C /* ios8.png */; };
		2C7AFBBA1B7014930056432C /* ipad-air2.png in Resources */ = {isa = PBXBuildFile; fileRef = 2C7AFB941B7014930056432C /* ipad-air2.png */; };
		2C7AFBBB1B7014930056432C /* iphone6.png in Resources */ = {isa = PBXBuildFile; fileRef = 2C7AFB951B7014930056432C /* iphone6.png */; };
		2C7AFBBC1B7014930056432C /* ipod-nano.png in Resources */ = {isa = PBXBuildFile; fileRef = 2C7AFB961B7014930056432C /* ipod-nano.png */; };
		2C7AFBBD1B7014930056432C /* ipod-shuffle.png in Resources */ = {isa = PBXBuildFile; fileRef = 2C7AFB971B7014930056432C /* ipod-shuffle.png */; };
		2C7AFBBE1B7014930056432C /* ipod-touch.png in Resources */ = {isa = PBXBuildFile; fileRef = 2C7AFB981B7014930056432C /* ipod-touch.png */; };
		2C7AFBBF1B7014930056432C /* itunes.png in Resources */ = {isa = PBXBuildFile; fileRef = 2C7AFB991B7014930056432C /* itunes.png */; };
		2C7AFBC01B7014930056432C /* iwork.png in Resources */ = {isa = PBXBuildFile; fileRef = 2C7AFB9A1B7014930056432C /* iwork.png */; };
		2C7AFBC11B7014930056432C /* Jamba-Juice.jpg in Resources */ = {isa = PBXBuildFile; fileRef = 2C7AFB9B1B7014930056432C /* Jamba-Juice.jpg */; };
		2C7AFBC21B7014930056432C /* logic-pro-x.png in Resources */ = {isa = PBXBuildFile; fileRef = 2C7AFB9C1B7014930056432C /* logic-pro-x.png */; };
		2C7AFBC31B7014930056432C /* mac-mini.png in Resources */ = {isa = PBXBuildFile; fileRef = 2C7AFB9D1B7014930056432C /* mac-mini.png */; };
		2C7AFBC41B7014930056432C /* mac-pro.png in Resources */ = {isa = PBXBuildFile; fileRef = 2C7AFB9E1B7014930056432C /* mac-pro.png */; };
		2C7AFBC51B7014930056432C /* macbook-air.png in Resources */ = {isa = PBXBuildFile; fileRef = 2C7AFB9F1B7014930056432C /* macbook-air.png */; };
		2C7AFBC61B7014930056432C /* macbook-pro-13.png in Resources */ = {isa = PBXBuildFile; fileRef = 2C7AFBA01B7014930056432C /* macbook-pro-13.png */; };
		2C7AFBC71B7014930056432C /* macbook-pro-retina.png in Resources */ = {isa = PBXBuildFile; fileRef = 2C7AFBA11B7014930056432C /* macbook-pro-retina.png */; };
		2C7AFBC81B7014930056432C /* macbook.png in Resources */ = {isa = PBXBuildFile; fileRef = 2C7AFBA21B7014930056432C /* macbook.png */; };
		2C7AFBC91B7014930056432C /* magic-mouse.png in Resources */ = {isa = PBXBuildFile; fileRef = 2C7AFBA31B7014930056432C /* magic-mouse.png */; };
		2C7AFBCA1B7014930056432C /* magic-trackpad.png in Resources */ = {isa = PBXBuildFile; fileRef = 2C7AFBA41B7014930056432C /* magic-trackpad.png */; };
		2C7AFBCB1B7014930056432C /* os-x.png in Resources */ = {isa = PBXBuildFile; fileRef = 2C7AFBA51B7014930056432C /* os-x.png */; };
		2C7AFBCC1B7014930056432C /* star_sel.png in Resources */ = {isa = PBXBuildFile; fileRef = 2C7AFBA61B7014930056432C /* star_sel.png */; };
		2C7AFBCD1B7014930056432C /* star_uns.png in Resources */ = {isa = PBXBuildFile; fileRef = 2C7AFBA71B7014930056432C /* star_uns.png */; };
		2C7AFBD01B70167C0056432C /* sportsauthority.png in Resources */ = {isa = PBXBuildFile; fileRef = 2C7AFBCE1B70167C0056432C /* sportsauthority.png */; };
		2C7AFBD11B70167C0056432C /* ns-logo.jpg in Resources */ = {isa = PBXBuildFile; fileRef = 2C7AFBCF1B70167C0056432C /* ns-logo.jpg */; };
		2C9172E51B8BC3D800CC1A62 /* TestLocations.gpx in Resources */ = {isa = PBXBuildFile; fileRef = 2C9172E41B8BC3D800CC1A62 /* TestLocations.gpx */; };
		2CFEE5E11B7AA18C006DD624 /* CoreLocation.framework in Frameworks */ = {isa = PBXBuildFile; fileRef = 2CFEE5E01B7AA18C006DD624 /* CoreLocation.framework */; };
		2CFEE5E31B7AA22F006DD624 /* Utilities.swift in Sources */ = {isa = PBXBuildFile; fileRef = 2CFEE5E21B7AA22F006DD624 /* Utilities.swift */; };
		2CFEE5E51B7AA259006DD624 /* MapKit.framework in Frameworks */ = {isa = PBXBuildFile; fileRef = 2CFEE5E41B7AA259006DD624 /* MapKit.framework */; };
		2CFEE5E71B7AA266006DD624 /* GeoLocation.swift in Sources */ = {isa = PBXBuildFile; fileRef = 2CFEE5E61B7AA266006DD624 /* GeoLocation.swift */; };
		A743F7671BB3FC6500F7A142 /* FBSDKLoginKit.framework in Frameworks */ = {isa = PBXBuildFile; fileRef = A743F7661BB3FC6500F7A142 /* FBSDKLoginKit.framework */; };
/* End PBXBuildFile section */

/* Begin PBXContainerItemProxy section */
		2C5829051B6964B50099842B /* PBXContainerItemProxy */ = {
			isa = PBXContainerItemProxy;
			containerPortal = 2C5828E71B6964B50099842B /* Project object */;
			proxyType = 1;
			remoteGlobalIDString = 2C5828EE1B6964B50099842B;
			remoteInfo = Motiv8;
		};
/* End PBXContainerItemProxy section */

/* Begin PBXFileReference section */
		2C4FE8C51B72A146002BA732 /* TestViewController.swift */ = {isa = PBXFileReference; fileEncoding = 4; lastKnownFileType = sourcecode.swift; path = TestViewController.swift; sourceTree = "<group>"; };
		2C5625CF1B751D590022C962 /* User.swift */ = {isa = PBXFileReference; fileEncoding = 4; lastKnownFileType = sourcecode.swift; path = User.swift; sourceTree = "<group>"; };
		2C5625D11B7535CA0022C962 /* boba.jpg */ = {isa = PBXFileReference; lastKnownFileType = image.jpeg; path = boba.jpg; sourceTree = "<group>"; };
		2C5625D21B7535CA0022C962 /* gnc.jpeg */ = {isa = PBXFileReference; lastKnownFileType = image.jpeg; path = gnc.jpeg; sourceTree = "<group>"; };
		2C5625D31B7535CA0022C962 /* Lululemon.jpg */ = {isa = PBXFileReference; lastKnownFileType = image.jpeg; path = Lululemon.jpg; sourceTree = "<group>"; };
		2C5625D41B7535CA0022C962 /* sportsforum.jpg */ = {isa = PBXFileReference; lastKnownFileType = image.jpeg; path = sportsforum.jpg; sourceTree = "<group>"; };
		2C5625D51B7535CA0022C962 /* Urbane.jpg */ = {isa = PBXFileReference; lastKnownFileType = image.jpeg; path = Urbane.jpg; sourceTree = "<group>"; };
		2C5828EF1B6964B50099842B /* Motiv8.app */ = {isa = PBXFileReference; explicitFileType = wrapper.application; includeInIndex = 0; path = Motiv8.app; sourceTree = BUILT_PRODUCTS_DIR; };
		2C5828F31B6964B50099842B /* Info.plist */ = {isa = PBXFileReference; lastKnownFileType = text.plist.xml; path = Info.plist; sourceTree = "<group>"; };
		2C5828F41B6964B50099842B /* AppDelegate.swift */ = {isa = PBXFileReference; lastKnownFileType = sourcecode.swift; path = AppDelegate.swift; sourceTree = "<group>"; };
		2C5828F61B6964B50099842B /* HomeViewController.swift */ = {isa = PBXFileReference; lastKnownFileType = sourcecode.swift; path = HomeViewController.swift; sourceTree = "<group>"; };
		2C5828FB1B6964B50099842B /* Images.xcassets */ = {isa = PBXFileReference; lastKnownFileType = folder.assetcatalog; path = Images.xcassets; sourceTree = "<group>"; };
		2C5828FE1B6964B50099842B /* Base */ = {isa = PBXFileReference; lastKnownFileType = file.xib; name = Base; path = Base.lproj/LaunchScreen.xib; sourceTree = "<group>"; };
		2C5829041B6964B50099842B /* Motiv8Tests.xctest */ = {isa = PBXFileReference; explicitFileType = wrapper.cfbundle; includeInIndex = 0; path = Motiv8Tests.xctest; sourceTree = BUILT_PRODUCTS_DIR; };
		2C5829091B6964B50099842B /* Info.plist */ = {isa = PBXFileReference; lastKnownFileType = text.plist.xml; path = Info.plist; sourceTree = "<group>"; };
		2C58290A1B6964B50099842B /* Motiv8Tests.swift */ = {isa = PBXFileReference; lastKnownFileType = sourcecode.swift; path = Motiv8Tests.swift; sourceTree = "<group>"; };
		2C5829141B69651A0099842B /* NavigationCell.swift */ = {isa = PBXFileReference; fileEncoding = 4; lastKnownFileType = sourcecode.swift; path = NavigationCell.swift; sourceTree = "<group>"; };
		2C5829161B69653E0099842B /* NavigationTransitionOperator.swift */ = {isa = PBXFileReference; fileEncoding = 4; lastKnownFileType = sourcecode.swift; path = NavigationTransitionOperator.swift; sourceTree = "<group>"; };
		2C5829181B69655D0099842B /* NavigationViewController.swift */ = {isa = PBXFileReference; fileEncoding = 4; lastKnownFileType = sourcecode.swift; path = NavigationViewController.swift; sourceTree = "<group>"; };
		2C58291C1B6982720099842B /* motiv8gif.gif */ = {isa = PBXFileReference; lastKnownFileType = image.gif; path = motiv8gif.gif; sourceTree = "<group>"; };
		2C5C98ED1B8CE76100B6DB08 /* FBSDKCoreKit.framework */ = {isa = PBXFileReference; lastKnownFileType = wrapper.framework; name = FBSDKCoreKit.framework; path = "FacebookSDKs-iOS-20150910/FBSDKCoreKit.framework"; sourceTree = SOURCE_ROOT; };
		2C5DA1D91B6AB5B7004C05C4 /* RewardsViewController.swift */ = {isa = PBXFileReference; fileEncoding = 4; lastKnownFileType = sourcecode.swift; path = RewardsViewController.swift; sourceTree = "<group>"; };
		2C5DA1DB1B6ABB21004C05C4 /* CustomSegueClass.swift */ = {isa = PBXFileReference; fileEncoding = 4; lastKnownFileType = sourcecode.swift; path = CustomSegueClass.swift; sourceTree = "<group>"; };
		2C5DA1DD1B6ABE98004C05C4 /* InitialViewController.swift */ = {isa = PBXFileReference; fileEncoding = 4; lastKnownFileType = sourcecode.swift; path = InitialViewController.swift; sourceTree = "<group>"; };
		2C5DA1DF1B6AC3C7004C05C4 /* LeaderboardViewController.swift */ = {isa = PBXFileReference; fileEncoding = 4; lastKnownFileType = sourcecode.swift; path = LeaderboardViewController.swift; sourceTree = "<group>"; };
		2C5DA1E11B6ACB82004C05C4 /* AboutViewController.swift */ = {isa = PBXFileReference; fileEncoding = 4; lastKnownFileType = sourcecode.swift; path = AboutViewController.swift; sourceTree = "<group>"; };
		2C5DA1E41B6ACC83004C05C4 /* Base */ = {isa = PBXFileReference; lastKnownFileType = file.storyboard; name = Base; path = Base.lproj/Main.storyboard; sourceTree = "<group>"; };
		2C6DF86F1B8517E700AACB2A /* AddGeoLocationViewController.swift */ = {isa = PBXFileReference; fileEncoding = 4; lastKnownFileType = sourcecode.swift; path = AddGeoLocationViewController.swift; sourceTree = "<group>"; };
		2C7AFB2C1B6FEE360056432C /* Product.swift */ = {isa = PBXFileReference; fileEncoding = 4; lastKnownFileType = sourcecode.swift; path = Product.swift; sourceTree = "<group>"; };
		2C7AFB2E1B6FEE5F0056432C /* ProductLine.swift */ = {isa = PBXFileReference; fileEncoding = 4; lastKnownFileType = sourcecode.swift; path = ProductLine.swift; sourceTree = "<group>"; };
		2C7AFB301B6FEEB30056432C /* ProductTableViewCell.swift */ = {isa = PBXFileReference; fileEncoding = 4; lastKnownFileType = sourcecode.swift; path = ProductTableViewCell.swift; sourceTree = "<group>"; };
		2C7AFB321B6FEED30056432C /* ProductDetailViewController.swift */ = {isa = PBXFileReference; fileEncoding = 4; lastKnownFileType = sourcecode.swift; path = ProductDetailViewController.swift; sourceTree = "<group>"; };
		2C7AFB341B6FEEFB0056432C /* EditTableViewController.swift */ = {isa = PBXFileReference; fileEncoding = 4; lastKnownFileType = sourcecode.swift; path = EditTableViewController.swift; sourceTree = "<group>"; };
		2C7AFB821B7014930056432C /* airport-express.png */ = {isa = PBXFileReference; lastKnownFileType = image.png; path = "airport-express.png"; sourceTree = "<group>"; };
		2C7AFB831B7014930056432C /* airport-extreme.png */ = {isa = PBXFileReference; lastKnownFileType = image.png; path = "airport-extreme.png"; sourceTree = "<group>"; };
		2C7AFB841B7014930056432C /* airport-time-capsule.png */ = {isa = PBXFileReference; lastKnownFileType = image.png; path = "airport-time-capsule.png"; sourceTree = "<group>"; };
		2C7AFB851B7014930056432C /* aperture.png */ = {isa = PBXFileReference; lastKnownFileType = image.png; path = aperture.png; sourceTree = "<group>"; };
		2C7AFB861B7014930056432C /* apple-pay.png */ = {isa = PBXFileReference; lastKnownFileType = image.png; path = "apple-pay.png"; sourceTree = "<group>"; };
		2C7AFB871B7014930056432C /* apple-tv.png */ = {isa = PBXFileReference; lastKnownFileType = image.png; path = "apple-tv.png"; sourceTree = "<group>"; };
		2C7AFB881B7014930056432C /* apple-watch.png */ = {isa = PBXFileReference; lastKnownFileType = image.png; path = "apple-watch.png"; sourceTree = "<group>"; };
		2C7AFB891B7014930056432C /* apple-wireless-keyboard.png */ = {isa = PBXFileReference; lastKnownFileType = image.png; path = "apple-wireless-keyboard.png"; sourceTree = "<group>"; };
		2C7AFB8A1B7014930056432C /* battery-charger.png */ = {isa = PBXFileReference; lastKnownFileType = image.png; path = "battery-charger.png"; sourceTree = "<group>"; };
		2C7AFB8B1B7014930056432C /* default@1x.png */ = {isa = PBXFileReference; lastKnownFileType = image.png; path = "default@1x.png"; sourceTree = "<group>"; };
		2C7AFB8C1B7014930056432C /* default@2x.png */ = {isa = PBXFileReference; lastKnownFileType = image.png; path = "default@2x.png"; sourceTree = "<group>"; };
		2C7AFB8D1B7014930056432C /* display.png */ = {isa = PBXFileReference; lastKnownFileType = image.png; path = display.png; sourceTree = "<group>"; };
		2C7AFB8E1B7014930056432C /* eyeball.png */ = {isa = PBXFileReference; lastKnownFileType = image.png; path = eyeball.png; sourceTree = "<group>"; };
		2C7AFB8F1B7014930056432C /* final-cut-pro-x.png */ = {isa = PBXFileReference; lastKnownFileType = image.png; path = "final-cut-pro-x.png"; sourceTree = "<group>"; };
		2C7AFB901B7014930056432C /* icloud.png */ = {isa = PBXFileReference; lastKnownFileType = image.png; path = icloud.png; sourceTree = "<group>"; };
		2C7AFB911B7014930056432C /* ilife.png */ = {isa = PBXFileReference; lastKnownFileType = image.png; path = ilife.png; sourceTree = "<group>"; };
		2C7AFB921B7014930056432C /* imac-5k.png */ = {isa = PBXFileReference; lastKnownFileType = image.png; path = "imac-5k.png"; sourceTree = "<group>"; };
		2C7AFB931B7014930056432C /* ios8.png */ = {isa = PBXFileReference; lastKnownFileType = image.png; path = ios8.png; sourceTree = "<group>"; };
		2C7AFB941B7014930056432C /* ipad-air2.png */ = {isa = PBXFileReference; lastKnownFileType = image.png; path = "ipad-air2.png"; sourceTree = "<group>"; };
		2C7AFB951B7014930056432C /* iphone6.png */ = {isa = PBXFileReference; lastKnownFileType = image.png; path = iphone6.png; sourceTree = "<group>"; };
		2C7AFB961B7014930056432C /* ipod-nano.png */ = {isa = PBXFileReference; lastKnownFileType = image.png; path = "ipod-nano.png"; sourceTree = "<group>"; };
		2C7AFB971B7014930056432C /* ipod-shuffle.png */ = {isa = PBXFileReference; lastKnownFileType = image.png; path = "ipod-shuffle.png"; sourceTree = "<group>"; };
		2C7AFB981B7014930056432C /* ipod-touch.png */ = {isa = PBXFileReference; lastKnownFileType = image.png; path = "ipod-touch.png"; sourceTree = "<group>"; };
		2C7AFB991B7014930056432C /* itunes.png */ = {isa = PBXFileReference; lastKnownFileType = image.png; path = itunes.png; sourceTree = "<group>"; };
		2C7AFB9A1B7014930056432C /* iwork.png */ = {isa = PBXFileReference; lastKnownFileType = image.png; path = iwork.png; sourceTree = "<group>"; };
		2C7AFB9B1B7014930056432C /* Jamba-Juice.jpg */ = {isa = PBXFileReference; lastKnownFileType = image.jpeg; path = "Jamba-Juice.jpg"; sourceTree = "<group>"; };
		2C7AFB9C1B7014930056432C /* logic-pro-x.png */ = {isa = PBXFileReference; lastKnownFileType = image.png; path = "logic-pro-x.png"; sourceTree = "<group>"; };
		2C7AFB9D1B7014930056432C /* mac-mini.png */ = {isa = PBXFileReference; lastKnownFileType = image.png; path = "mac-mini.png"; sourceTree = "<group>"; };
		2C7AFB9E1B7014930056432C /* mac-pro.png */ = {isa = PBXFileReference; lastKnownFileType = image.png; path = "mac-pro.png"; sourceTree = "<group>"; };
		2C7AFB9F1B7014930056432C /* macbook-air.png */ = {isa = PBXFileReference; lastKnownFileType = image.png; path = "macbook-air.png"; sourceTree = "<group>"; };
		2C7AFBA01B7014930056432C /* macbook-pro-13.png */ = {isa = PBXFileReference; lastKnownFileType = image.png; path = "macbook-pro-13.png"; sourceTree = "<group>"; };
		2C7AFBA11B7014930056432C /* macbook-pro-retina.png */ = {isa = PBXFileReference; lastKnownFileType = image.png; path = "macbook-pro-retina.png"; sourceTree = "<group>"; };
		2C7AFBA21B7014930056432C /* macbook.png */ = {isa = PBXFileReference; lastKnownFileType = image.png; path = macbook.png; sourceTree = "<group>"; };
		2C7AFBA31B7014930056432C /* magic-mouse.png */ = {isa = PBXFileReference; lastKnownFileType = image.png; path = "magic-mouse.png"; sourceTree = "<group>"; };
		2C7AFBA41B7014930056432C /* magic-trackpad.png */ = {isa = PBXFileReference; lastKnownFileType = image.png; path = "magic-trackpad.png"; sourceTree = "<group>"; };
		2C7AFBA51B7014930056432C /* os-x.png */ = {isa = PBXFileReference; lastKnownFileType = image.png; path = "os-x.png"; sourceTree = "<group>"; };
		2C7AFBA61B7014930056432C /* star_sel.png */ = {isa = PBXFileReference; lastKnownFileType = image.png; path = star_sel.png; sourceTree = "<group>"; };
		2C7AFBA71B7014930056432C /* star_uns.png */ = {isa = PBXFileReference; lastKnownFileType = image.png; path = star_uns.png; sourceTree = "<group>"; };
		2C7AFBCE1B70167C0056432C /* sportsauthority.png */ = {isa = PBXFileReference; lastKnownFileType = image.png; path = sportsauthority.png; sourceTree = "<group>"; };
		2C7AFBCF1B70167C0056432C /* ns-logo.jpg */ = {isa = PBXFileReference; lastKnownFileType = image.jpeg; path = "ns-logo.jpg"; sourceTree = "<group>"; };
		2C9172E41B8BC3D800CC1A62 /* TestLocations.gpx */ = {isa = PBXFileReference; fileEncoding = 4; lastKnownFileType = text; path = TestLocations.gpx; sourceTree = "<group>"; };
		2CFEE5E01B7AA18C006DD624 /* CoreLocation.framework */ = {isa = PBXFileReference; lastKnownFileType = wrapper.framework; name = CoreLocation.framework; path = System/Library/Frameworks/CoreLocation.framework; sourceTree = SDKROOT; };
		2CFEE5E21B7AA22F006DD624 /* Utilities.swift */ = {isa = PBXFileReference; fileEncoding = 4; lastKnownFileType = sourcecode.swift; path = Utilities.swift; sourceTree = "<group>"; };
		2CFEE5E41B7AA259006DD624 /* MapKit.framework */ = {isa = PBXFileReference; lastKnownFileType = wrapper.framework; name = MapKit.framework; path = System/Library/Frameworks/MapKit.framework; sourceTree = SDKROOT; };
		2CFEE5E61B7AA266006DD624 /* GeoLocation.swift */ = {isa = PBXFileReference; fileEncoding = 4; lastKnownFileType = sourcecode.swift; name = GeoLocation.swift; path = ../GeoLocation.swift; sourceTree = "<group>"; };
		A743F7661BB3FC6500F7A142 /* FBSDKLoginKit.framework */ = {isa = PBXFileReference; lastKnownFileType = wrapper.framework; name = FBSDKLoginKit.framework; path = "FacebookSDKs-iOS-20150910/FBSDKLoginKit.framework"; sourceTree = SOURCE_ROOT; };
/* End PBXFileReference section */

/* Begin PBXFrameworksBuildPhase section */
		2C5828EC1B6964B50099842B /* Frameworks */ = {
			isa = PBXFrameworksBuildPhase;
			buildActionMask = 2147483647;
			files = (
				A743F7671BB3FC6500F7A142 /* FBSDKLoginKit.framework in Frameworks */,
				2CFEE5E51B7AA259006DD624 /* MapKit.framework in Frameworks */,
				2C5C98EF1B8CE76100B6DB08 /* FBSDKCoreKit.framework in Frameworks */,
				2CFEE5E11B7AA18C006DD624 /* CoreLocation.framework in Frameworks */,
			);
			runOnlyForDeploymentPostprocessing = 0;
		};
		2C5829011B6964B50099842B /* Frameworks */ = {
			isa = PBXFrameworksBuildPhase;
			buildActionMask = 2147483647;
			files = (
			);
			runOnlyForDeploymentPostprocessing = 0;
		};
/* End PBXFrameworksBuildPhase section */

/* Begin PBXGroup section */
		2C5828E61B6964B50099842B = {
			isa = PBXGroup;
			children = (
				2C5828F11B6964B50099842B /* Motiv8 */,
				2C5829071B6964B50099842B /* Motiv8Tests */,
				2C5828F01B6964B50099842B /* Products */,
			);
			sourceTree = "<group>";
		};
		2C5828F01B6964B50099842B /* Products */ = {
			isa = PBXGroup;
			children = (
				2C5828EF1B6964B50099842B /* Motiv8.app */,
				2C5829041B6964B50099842B /* Motiv8Tests.xctest */,
			);
			name = Products;
			sourceTree = "<group>";
		};
		2C5828F11B6964B50099842B /* Motiv8 */ = {
			isa = PBXGroup;
			children = (
				2C58291C1B6982720099842B /* motiv8gif.gif */,
				2C5828F41B6964B50099842B /* AppDelegate.swift */,
				2C5DA1DD1B6ABE98004C05C4 /* InitialViewController.swift */,
				2C5828F61B6964B50099842B /* HomeViewController.swift */,
				2C6DF86F1B8517E700AACB2A /* AddGeoLocationViewController.swift */,
				2CFEE5E61B7AA266006DD624 /* GeoLocation.swift */,
				2CFEE5E21B7AA22F006DD624 /* Utilities.swift */,
				2C5829181B69655D0099842B /* NavigationViewController.swift */,
				2C5DA1D91B6AB5B7004C05C4 /* RewardsViewController.swift */,
				2C7AFB341B6FEEFB0056432C /* EditTableViewController.swift */,
				2C4FE8C51B72A146002BA732 /* TestViewController.swift */,
				2C7AFB321B6FEED30056432C /* ProductDetailViewController.swift */,
				2C7AFB301B6FEEB30056432C /* ProductTableViewCell.swift */,
				2C7AFB2C1B6FEE360056432C /* Product.swift */,
				2C7AFB2E1B6FEE5F0056432C /* ProductLine.swift */,
				2C5DA1DF1B6AC3C7004C05C4 /* LeaderboardViewController.swift */,
				2C5625CF1B751D590022C962 /* User.swift */,
				2C5DA1E11B6ACB82004C05C4 /* AboutViewController.swift */,
				2C5829141B69651A0099842B /* NavigationCell.swift */,
				2C5829161B69653E0099842B /* NavigationTransitionOperator.swift */,
				2C5DA1DB1B6ABB21004C05C4 /* CustomSegueClass.swift */,
				2C5DA1E31B6ACC83004C05C4 /* Main.storyboard */,
				2C5828FD1B6964B50099842B /* LaunchScreen.xib */,
				2C5828FB1B6964B50099842B /* Images.xcassets */,
				2C5C98E41B8CE39600B6DB08 /* Frameworks */,
				2C7AFB811B7014930056432C /* DemoAssets */,
				2C5828F21B6964B50099842B /* Supporting Files */,
			);
			path = Motiv8;
			sourceTree = "<group>";
		};
		2C5828F21B6964B50099842B /* Supporting Files */ = {
			isa = PBXGroup;
			children = (
				2C5828F31B6964B50099842B /* Info.plist */,
				2C9172E41B8BC3D800CC1A62 /* TestLocations.gpx */,
			);
			name = "Supporting Files";
			sourceTree = "<group>";
		};
		2C5829071B6964B50099842B /* Motiv8Tests */ = {
			isa = PBXGroup;
			children = (
				2C58290A1B6964B50099842B /* Motiv8Tests.swift */,
				2C5829081B6964B50099842B /* Supporting Files */,
			);
			path = Motiv8Tests;
			sourceTree = "<group>";
		};
		2C5829081B6964B50099842B /* Supporting Files */ = {
			isa = PBXGroup;
			children = (
				2C5829091B6964B50099842B /* Info.plist */,
			);
			name = "Supporting Files";
			sourceTree = "<group>";
		};
		2C5C98E41B8CE39600B6DB08 /* Frameworks */ = {
			isa = PBXGroup;
			children = (
				A743F7661BB3FC6500F7A142 /* FBSDKLoginKit.framework */,
				2C5C98ED1B8CE76100B6DB08 /* FBSDKCoreKit.framework */,
				2CFEE5E41B7AA259006DD624 /* MapKit.framework */,
				2CFEE5E01B7AA18C006DD624 /* CoreLocation.framework */,
			);
			name = Frameworks;
			path = ..;
			sourceTree = "<group>";
		};
		2C7AFB811B7014930056432C /* DemoAssets */ = {
			isa = PBXGroup;
			children = (
				2C5625D11B7535CA0022C962 /* boba.jpg */,
				2C5625D21B7535CA0022C962 /* gnc.jpeg */,
				2C5625D31B7535CA0022C962 /* Lululemon.jpg */,
				2C5625D41B7535CA0022C962 /* sportsforum.jpg */,
				2C5625D51B7535CA0022C962 /* Urbane.jpg */,
				2C7AFBCE1B70167C0056432C /* sportsauthority.png */,
				2C7AFBCF1B70167C0056432C /* ns-logo.jpg */,
				2C7AFB821B7014930056432C /* airport-express.png */,
				2C7AFB831B7014930056432C /* airport-extreme.png */,
				2C7AFB841B7014930056432C /* airport-time-capsule.png */,
				2C7AFB851B7014930056432C /* aperture.png */,
				2C7AFB861B7014930056432C /* apple-pay.png */,
				2C7AFB871B7014930056432C /* apple-tv.png */,
				2C7AFB881B7014930056432C /* apple-watch.png */,
				2C7AFB891B7014930056432C /* apple-wireless-keyboard.png */,
				2C7AFB8A1B7014930056432C /* battery-charger.png */,
				2C7AFB8B1B7014930056432C /* default@1x.png */,
				2C7AFB8C1B7014930056432C /* default@2x.png */,
				2C7AFB8D1B7014930056432C /* display.png */,
				2C7AFB8E1B7014930056432C /* eyeball.png */,
				2C7AFB8F1B7014930056432C /* final-cut-pro-x.png */,
				2C7AFB901B7014930056432C /* icloud.png */,
				2C7AFB911B7014930056432C /* ilife.png */,
				2C7AFB921B7014930056432C /* imac-5k.png */,
				2C7AFB931B7014930056432C /* ios8.png */,
				2C7AFB941B7014930056432C /* ipad-air2.png */,
				2C7AFB951B7014930056432C /* iphone6.png */,
				2C7AFB961B7014930056432C /* ipod-nano.png */,
				2C7AFB971B7014930056432C /* ipod-shuffle.png */,
				2C7AFB981B7014930056432C /* ipod-touch.png */,
				2C7AFB991B7014930056432C /* itunes.png */,
				2C7AFB9A1B7014930056432C /* iwork.png */,
				2C7AFB9B1B7014930056432C /* Jamba-Juice.jpg */,
				2C7AFB9C1B7014930056432C /* logic-pro-x.png */,
				2C7AFB9D1B7014930056432C /* mac-mini.png */,
				2C7AFB9E1B7014930056432C /* mac-pro.png */,
				2C7AFB9F1B7014930056432C /* macbook-air.png */,
				2C7AFBA01B7014930056432C /* macbook-pro-13.png */,
				2C7AFBA11B7014930056432C /* macbook-pro-retina.png */,
				2C7AFBA21B7014930056432C /* macbook.png */,
				2C7AFBA31B7014930056432C /* magic-mouse.png */,
				2C7AFBA41B7014930056432C /* magic-trackpad.png */,
				2C7AFBA51B7014930056432C /* os-x.png */,
				2C7AFBA61B7014930056432C /* star_sel.png */,
				2C7AFBA71B7014930056432C /* star_uns.png */,
			);
			path = DemoAssets;
			sourceTree = "<group>";
		};
/* End PBXGroup section */

/* Begin PBXNativeTarget section */
		2C5828EE1B6964B50099842B /* Motiv8 */ = {
			isa = PBXNativeTarget;
			buildConfigurationList = 2C58290E1B6964B50099842B /* Build configuration list for PBXNativeTarget "Motiv8" */;
			buildPhases = (
				2C5828EB1B6964B50099842B /* Sources */,
				2C5828EC1B6964B50099842B /* Frameworks */,
				2C5828ED1B6964B50099842B /* Resources */,
			);
			buildRules = (
			);
			dependencies = (
			);
			name = Motiv8;
			productName = Motiv8;
			productReference = 2C5828EF1B6964B50099842B /* Motiv8.app */;
			productType = "com.apple.product-type.application";
		};
		2C5829031B6964B50099842B /* Motiv8Tests */ = {
			isa = PBXNativeTarget;
			buildConfigurationList = 2C5829111B6964B50099842B /* Build configuration list for PBXNativeTarget "Motiv8Tests" */;
			buildPhases = (
				2C5829001B6964B50099842B /* Sources */,
				2C5829011B6964B50099842B /* Frameworks */,
				2C5829021B6964B50099842B /* Resources */,
			);
			buildRules = (
			);
			dependencies = (
				2C5829061B6964B50099842B /* PBXTargetDependency */,
			);
			name = Motiv8Tests;
			productName = Motiv8Tests;
			productReference = 2C5829041B6964B50099842B /* Motiv8Tests.xctest */;
			productType = "com.apple.product-type.bundle.unit-test";
		};
/* End PBXNativeTarget section */

/* Begin PBXProject section */
		2C5828E71B6964B50099842B /* Project object */ = {
			isa = PBXProject;
			attributes = {
				LastSwiftMigration = 0700;
				LastSwiftUpdateCheck = 0700;
				LastUpgradeCheck = 0700;
				ORGANIZATIONNAME = Motiv8;
				TargetAttributes = {
					2C5828EE1B6964B50099842B = {
						CreatedOnToolsVersion = 6.4;
					};
					2C5829031B6964B50099842B = {
						CreatedOnToolsVersion = 6.4;
						TestTargetID = 2C5828EE1B6964B50099842B;
					};
				};
			};
			buildConfigurationList = 2C5828EA1B6964B50099842B /* Build configuration list for PBXProject "Motiv8" */;
			compatibilityVersion = "Xcode 3.2";
			developmentRegion = English;
			hasScannedForEncodings = 0;
			knownRegions = (
				en,
				Base,
			);
			mainGroup = 2C5828E61B6964B50099842B;
			productRefGroup = 2C5828F01B6964B50099842B /* Products */;
			projectDirPath = "";
			projectRoot = "";
			targets = (
				2C5828EE1B6964B50099842B /* Motiv8 */,
				2C5829031B6964B50099842B /* Motiv8Tests */,
			);
		};
/* End PBXProject section */

/* Begin PBXResourcesBuildPhase section */
		2C5828ED1B6964B50099842B /* Resources */ = {
			isa = PBXResourcesBuildPhase;
			buildActionMask = 2147483647;
			files = (
				2C7AFBAE1B7014930056432C /* apple-watch.png in Resources */,
				2C7AFBB41B7014930056432C /* eyeball.png in Resources */,
				2C5625D91B7535CA0022C962 /* sportsforum.jpg in Resources */,
				2C7AFBCA1B7014930056432C /* magic-trackpad.png in Resources */,
				2C7AFBD01B70167C0056432C /* sportsauthority.png in Resources */,
				2C7AFBCC1B7014930056432C /* star_sel.png in Resources */,
				2C7AFBA91B7014930056432C /* airport-extreme.png in Resources */,
				2C7AFBC71B7014930056432C /* macbook-pro-retina.png in Resources */,
				2C9172E51B8BC3D800CC1A62 /* TestLocations.gpx in Resources */,
				2C7AFBB21B7014930056432C /* default@2x.png in Resources */,
				2C7AFBC81B7014930056432C /* macbook.png in Resources */,
				2C7AFBC11B7014930056432C /* Jamba-Juice.jpg in Resources */,
				2C7AFBB81B7014930056432C /* imac-5k.png in Resources */,
				2C5828FF1B6964B50099842B /* LaunchScreen.xib in Resources */,
				2C7AFBB91B7014930056432C /* ios8.png in Resources */,
				2C7AFBBB1B7014930056432C /* iphone6.png in Resources */,
				2C7AFBB31B7014930056432C /* display.png in Resources */,
				2C7AFBC31B7014930056432C /* mac-mini.png in Resources */,
				2C5625D81B7535CA0022C962 /* Lululemon.jpg in Resources */,
				2C58291D1B6982720099842B /* motiv8gif.gif in Resources */,
				2C7AFBB01B7014930056432C /* battery-charger.png in Resources */,
				2C7AFBC01B7014930056432C /* iwork.png in Resources */,
				2C7AFBB11B7014930056432C /* default@1x.png in Resources */,
				2C7AFBB71B7014930056432C /* ilife.png in Resources */,
				2C7AFBBF1B7014930056432C /* itunes.png in Resources */,
				2C7AFBBD1B7014930056432C /* ipod-shuffle.png in Resources */,
				2C7AFBBC1B7014930056432C /* ipod-nano.png in Resources */,
				2C7AFBC91B7014930056432C /* magic-mouse.png in Resources */,
				2C7AFBAC1B7014930056432C /* apple-pay.png in Resources */,
				2C7AFBAF1B7014930056432C /* apple-wireless-keyboard.png in Resources */,
				2C7AFBCD1B7014930056432C /* star_uns.png in Resources */,
				2C7AFBA81B7014930056432C /* airport-express.png in Resources */,
				2C7AFBCB1B7014930056432C /* os-x.png in Resources */,
				2C5625D71B7535CA0022C962 /* gnc.jpeg in Resources */,
				2C7AFBB51B7014930056432C /* final-cut-pro-x.png in Resources */,
				2C5625D61B7535CA0022C962 /* boba.jpg in Resources */,
				2C7AFBC41B7014930056432C /* mac-pro.png in Resources */,
				2C7AFBC21B7014930056432C /* logic-pro-x.png in Resources */,
				2C7AFBC61B7014930056432C /* macbook-pro-13.png in Resources */,
				2C7AFBBE1B7014930056432C /* ipod-touch.png in Resources */,
				2C5828FC1B6964B50099842B /* Images.xcassets in Resources */,
				2C7AFBC51B7014930056432C /* macbook-air.png in Resources */,
				2C7AFBAD1B7014930056432C /* apple-tv.png in Resources */,
				2C7AFBAA1B7014930056432C /* airport-time-capsule.png in Resources */,
				2C5DA1E51B6ACC83004C05C4 /* Main.storyboard in Resources */,
				2C5625DA1B7535CA0022C962 /* Urbane.jpg in Resources */,
				2C7AFBBA1B7014930056432C /* ipad-air2.png in Resources */,
				2C7AFBB61B7014930056432C /* icloud.png in Resources */,
				2C7AFBD11B70167C0056432C /* ns-logo.jpg in Resources */,
				2C7AFBAB1B7014930056432C /* aperture.png in Resources */,
			);
			runOnlyForDeploymentPostprocessing = 0;
		};
		2C5829021B6964B50099842B /* Resources */ = {
			isa = PBXResourcesBuildPhase;
			buildActionMask = 2147483647;
			files = (
			);
			runOnlyForDeploymentPostprocessing = 0;
		};
/* End PBXResourcesBuildPhase section */

/* Begin PBXSourcesBuildPhase section */
		2C5828EB1B6964B50099842B /* Sources */ = {
			isa = PBXSourcesBuildPhase;
			buildActionMask = 2147483647;
			files = (
				2C5829171B69653E0099842B /* NavigationTransitionOperator.swift in Sources */,
				2C5828F71B6964B50099842B /* HomeViewController.swift in Sources */,
				2C4FE8C61B72A146002BA732 /* TestViewController.swift in Sources */,
				2C5828F51B6964B50099842B /* AppDelegate.swift in Sources */,
				2C5DA1DC1B6ABB21004C05C4 /* CustomSegueClass.swift in Sources */,
				2C5DA1E01B6AC3C7004C05C4 /* LeaderboardViewController.swift in Sources */,
				2CFEE5E31B7AA22F006DD624 /* Utilities.swift in Sources */,
				2C7AFB2F1B6FEE5F0056432C /* ProductLine.swift in Sources */,
				2C5625D01B751D590022C962 /* User.swift in Sources */,
				2C6DF8701B8517E700AACB2A /* AddGeoLocationViewController.swift in Sources */,
				2CFEE5E71B7AA266006DD624 /* GeoLocation.swift in Sources */,
				2C7AFB2D1B6FEE360056432C /* Product.swift in Sources */,
				2C7AFB311B6FEEB30056432C /* ProductTableViewCell.swift in Sources */,
				2C5829151B69651A0099842B /* NavigationCell.swift in Sources */,
				2C7AFB331B6FEED30056432C /* ProductDetailViewController.swift in Sources */,
				2C5829191B69655D0099842B /* NavigationViewController.swift in Sources */,
				2C5DA1DA1B6AB5B7004C05C4 /* RewardsViewController.swift in Sources */,
				2C5DA1E21B6ACB82004C05C4 /* AboutViewController.swift in Sources */,
				2C7AFB351B6FEEFB0056432C /* EditTableViewController.swift in Sources */,
				2C5DA1DE1B6ABE98004C05C4 /* InitialViewController.swift in Sources */,
			);
			runOnlyForDeploymentPostprocessing = 0;
		};
		2C5829001B6964B50099842B /* Sources */ = {
			isa = PBXSourcesBuildPhase;
			buildActionMask = 2147483647;
			files = (
				2C58290B1B6964B50099842B /* Motiv8Tests.swift in Sources */,
			);
			runOnlyForDeploymentPostprocessing = 0;
		};
/* End PBXSourcesBuildPhase section */

/* Begin PBXTargetDependency section */
		2C5829061B6964B50099842B /* PBXTargetDependency */ = {
			isa = PBXTargetDependency;
			target = 2C5828EE1B6964B50099842B /* Motiv8 */;
			targetProxy = 2C5829051B6964B50099842B /* PBXContainerItemProxy */;
		};
/* End PBXTargetDependency section */

/* Begin PBXVariantGroup section */
		2C5828FD1B6964B50099842B /* LaunchScreen.xib */ = {
			isa = PBXVariantGroup;
			children = (
				2C5828FE1B6964B50099842B /* Base */,
			);
			name = LaunchScreen.xib;
			sourceTree = "<group>";
		};
		2C5DA1E31B6ACC83004C05C4 /* Main.storyboard */ = {
			isa = PBXVariantGroup;
			children = (
				2C5DA1E41B6ACC83004C05C4 /* Base */,
			);
			name = Main.storyboard;
			sourceTree = "<group>";
		};
/* End PBXVariantGroup section */

/* Begin XCBuildConfiguration section */
		2C58290C1B6964B50099842B /* Debug */ = {
			isa = XCBuildConfiguration;
			buildSettings = {
				ALWAYS_SEARCH_USER_PATHS = NO;
				CLANG_CXX_LANGUAGE_STANDARD = "gnu++0x";
				CLANG_CXX_LIBRARY = "libc++";
				CLANG_ENABLE_MODULES = YES;
				CLANG_ENABLE_OBJC_ARC = YES;
				CLANG_WARN_BOOL_CONVERSION = YES;
				CLANG_WARN_CONSTANT_CONVERSION = YES;
				CLANG_WARN_DIRECT_OBJC_ISA_USAGE = YES_ERROR;
				CLANG_WARN_EMPTY_BODY = YES;
				CLANG_WARN_ENUM_CONVERSION = YES;
				CLANG_WARN_INT_CONVERSION = YES;
				CLANG_WARN_OBJC_ROOT_CLASS = YES_ERROR;
				CLANG_WARN_UNREACHABLE_CODE = YES;
				CLANG_WARN__DUPLICATE_METHOD_MATCH = YES;
				"CODE_SIGN_IDENTITY[sdk=iphoneos*]" = "iPhone Developer";
				COPY_PHASE_STRIP = NO;
				DEBUG_INFORMATION_FORMAT = "dwarf-with-dsym";
				ENABLE_STRICT_OBJC_MSGSEND = YES;
				ENABLE_TESTABILITY = YES;
				GCC_C_LANGUAGE_STANDARD = gnu99;
				GCC_DYNAMIC_NO_PIC = NO;
				GCC_NO_COMMON_BLOCKS = YES;
				GCC_OPTIMIZATION_LEVEL = 0;
				GCC_PREPROCESSOR_DEFINITIONS = (
					"DEBUG=1",
					"$(inherited)",
				);
				GCC_SYMBOLS_PRIVATE_EXTERN = NO;
				GCC_WARN_64_TO_32_BIT_CONVERSION = YES;
				GCC_WARN_ABOUT_RETURN_TYPE = YES_ERROR;
				GCC_WARN_UNDECLARED_SELECTOR = YES;
				GCC_WARN_UNINITIALIZED_AUTOS = YES_AGGRESSIVE;
				GCC_WARN_UNUSED_FUNCTION = YES;
				GCC_WARN_UNUSED_VARIABLE = YES;
				IPHONEOS_DEPLOYMENT_TARGET = 9.0;
				MTL_ENABLE_DEBUG_INFO = YES;
				ONLY_ACTIVE_ARCH = YES;
				SDKROOT = iphoneos;
				SWIFT_OPTIMIZATION_LEVEL = "-Onone";
			};
			name = Debug;
		};
		2C58290D1B6964B50099842B /* Release */ = {
			isa = XCBuildConfiguration;
			buildSettings = {
				ALWAYS_SEARCH_USER_PATHS = NO;
				CLANG_CXX_LANGUAGE_STANDARD = "gnu++0x";
				CLANG_CXX_LIBRARY = "libc++";
				CLANG_ENABLE_MODULES = YES;
				CLANG_ENABLE_OBJC_ARC = YES;
				CLANG_WARN_BOOL_CONVERSION = YES;
				CLANG_WARN_CONSTANT_CONVERSION = YES;
				CLANG_WARN_DIRECT_OBJC_ISA_USAGE = YES_ERROR;
				CLANG_WARN_EMPTY_BODY = YES;
				CLANG_WARN_ENUM_CONVERSION = YES;
				CLANG_WARN_INT_CONVERSION = YES;
				CLANG_WARN_OBJC_ROOT_CLASS = YES_ERROR;
				CLANG_WARN_UNREACHABLE_CODE = YES;
				CLANG_WARN__DUPLICATE_METHOD_MATCH = YES;
				"CODE_SIGN_IDENTITY[sdk=iphoneos*]" = "iPhone Developer";
				COPY_PHASE_STRIP = NO;
				DEBUG_INFORMATION_FORMAT = "dwarf-with-dsym";
				ENABLE_NS_ASSERTIONS = NO;
				ENABLE_STRICT_OBJC_MSGSEND = YES;
				GCC_C_LANGUAGE_STANDARD = gnu99;
				GCC_NO_COMMON_BLOCKS = YES;
				GCC_WARN_64_TO_32_BIT_CONVERSION = YES;
				GCC_WARN_ABOUT_RETURN_TYPE = YES_ERROR;
				GCC_WARN_UNDECLARED_SELECTOR = YES;
				GCC_WARN_UNINITIALIZED_AUTOS = YES_AGGRESSIVE;
				GCC_WARN_UNUSED_FUNCTION = YES;
				GCC_WARN_UNUSED_VARIABLE = YES;
				IPHONEOS_DEPLOYMENT_TARGET = 9.0;
				MTL_ENABLE_DEBUG_INFO = NO;
				SDKROOT = iphoneos;
				VALIDATE_PRODUCT = YES;
			};
			name = Release;
		};
		2C58290F1B6964B50099842B /* Debug */ = {
			isa = XCBuildConfiguration;
			buildSettings = {
				ASSETCATALOG_COMPILER_APPICON_NAME = AppIcon;
				FRAMEWORK_SEARCH_PATHS = (
					"$(inherited)",
					"$(PROJECT_DIR)/FacebookSDKs-iOS-20150910",
				);
				INFOPLIST_FILE = Motiv8/Info.plist;
				IPHONEOS_DEPLOYMENT_TARGET = 9.0;
				LD_RUNPATH_SEARCH_PATHS = "$(inherited) @executable_path/Frameworks";
				PRODUCT_BUNDLE_IDENTIFIER = "com.Motiv8.$(PRODUCT_NAME:rfc1034identifier)";
				PRODUCT_NAME = "$(TARGET_NAME)";
			};
			name = Debug;
		};
		2C5829101B6964B50099842B /* Release */ = {
			isa = XCBuildConfiguration;
			buildSettings = {
				ASSETCATALOG_COMPILER_APPICON_NAME = AppIcon;
				FRAMEWORK_SEARCH_PATHS = (
					"$(inherited)",
					"$(PROJECT_DIR)/FacebookSDKs-iOS-20150910",
				);
				INFOPLIST_FILE = Motiv8/Info.plist;
				IPHONEOS_DEPLOYMENT_TARGET = 9.0;
				LD_RUNPATH_SEARCH_PATHS = "$(inherited) @executable_path/Frameworks";
				PRODUCT_BUNDLE_IDENTIFIER = "com.Motiv8.$(PRODUCT_NAME:rfc1034identifier)";
				PRODUCT_NAME = "$(TARGET_NAME)";
			};
			name = Release;
		};
		2C5829121B6964B50099842B /* Debug */ = {
			isa = XCBuildConfiguration;
			buildSettings = {
				BUNDLE_LOADER = "$(TEST_HOST)";
				FRAMEWORK_SEARCH_PATHS = (
					"$(SDKROOT)/Developer/Library/Frameworks",
					"$(inherited)",
				);
				GCC_PREPROCESSOR_DEFINITIONS = (
					"DEBUG=1",
					"$(inherited)",
				);
				INFOPLIST_FILE = Motiv8Tests/Info.plist;
				LD_RUNPATH_SEARCH_PATHS = "$(inherited) @executable_path/Frameworks @loader_path/Frameworks";
				PRODUCT_BUNDLE_IDENTIFIER = "com.Motiv8.$(PRODUCT_NAME:rfc1034identifier)";
				PRODUCT_NAME = "$(TARGET_NAME)";
				TEST_HOST = "$(BUILT_PRODUCTS_DIR)/Motiv8.app/Motiv8";
			};
			name = Debug;
		};
		2C5829131B6964B50099842B /* Release */ = {
			isa = XCBuildConfiguration;
			buildSettings = {
				BUNDLE_LOADER = "$(TEST_HOST)";
				FRAMEWORK_SEARCH_PATHS = (
					"$(SDKROOT)/Developer/Library/Frameworks",
					"$(inherited)",
				);
				INFOPLIST_FILE = Motiv8Tests/Info.plist;
				LD_RUNPATH_SEARCH_PATHS = "$(inherited) @executable_path/Frameworks @loader_path/Frameworks";
				PRODUCT_BUNDLE_IDENTIFIER = "com.Motiv8.$(PRODUCT_NAME:rfc1034identifier)";
				PRODUCT_NAME = "$(TARGET_NAME)";
				TEST_HOST = "$(BUILT_PRODUCTS_DIR)/Motiv8.app/Motiv8";
			};
			name = Release;
		};
/* End XCBuildConfiguration section */

/* Begin XCConfigurationList section */
		2C5828EA1B6964B50099842B /* Build configuration list for PBXProject "Motiv8" */ = {
			isa = XCConfigurationList;
			buildConfigurations = (
				2C58290C1B6964B50099842B /* Debug */,
				2C58290D1B6964B50099842B /* Release */,
			);
			defaultConfigurationIsVisible = 0;
			defaultConfigurationName = Release;
		};
		2C58290E1B6964B50099842B /* Build configuration list for PBXNativeTarget "Motiv8" */ = {
			isa = XCConfigurationList;
			buildConfigurations = (
				2C58290F1B6964B50099842B /* Debug */,
				2C5829101B6964B50099842B /* Release */,
			);
			defaultConfigurationIsVisible = 0;
			defaultConfigurationName = Release;
		};
		2C5829111B6964B50099842B /* Build configuration list for PBXNativeTarget "Motiv8Tests" */ = {
			isa = XCConfigurationList;
			buildConfigurations = (
				2C5829121B6964B50099842B /* Debug */,
				2C5829131B6964B50099842B /* Release */,
			);
			defaultConfigurationIsVisible = 0;
			defaultConfigurationName = Release;
		};
/* End XCConfigurationList section */
	};
	rootObject = 2C5828E71B6964B50099842B /* Project object */;
}
