// !$*UTF8*$!
{
	archiveVersion = 1;
	classes = {
	};
	objectVersion = 46;
	objects = {

/* Begin PBXBuildFile section */
		2C5828F51B6964B50099842B /* AppDelegate.swift in Sources */ = {isa = PBXBuildFile; fileRef = 2C5828F41B6964B50099842B /* AppDelegate.swift */; };
		2C5828F71B6964B50099842B /* HomeViewController.swift in Sources */ = {isa = PBXBuildFile; fileRef = 2C5828F61B6964B50099842B /* HomeViewController.swift */; };
		2C5828FC1B6964B50099842B /* Images.xcassets in Resources */ = {isa = PBXBuildFile; fileRef = 2C5828FB1B6964B50099842B /* Images.xcassets */; };
		2C5828FF1B6964B50099842B /* LaunchScreen.xib in Resources */ = {isa = PBXBuildFile; fileRef = 2C5828FD1B6964B50099842B /* LaunchScreen.xib */; };
		2C58290B1B6964B50099842B /* Motiv8Tests.swift in Sources */ = {isa = PBXBuildFile; fileRef = 2C58290A1B6964B50099842B /* Motiv8Tests.swift */; };
		2C5829151B69651A0099842B /* NavigationCell.swift in Sources */ = {isa = PBXBuildFile; fileRef = 2C5829141B69651A0099842B /* NavigationCell.swift */; };
		2C5829171B69653E0099842B /* NavigationTransitionOperator.swift in Sources */ = {isa = PBXBuildFile; fileRef = 2C5829161B69653E0099842B /* NavigationTransitionOperator.swift */; };
		2C5829191B69655D0099842B /* NavigationViewController.swift in Sources */ = {isa = PBXBuildFile; fileRef = 2C5829181B69655D0099842B /* NavigationViewController.swift */; };
		2C58291D1B6982720099842B /* motiv8gif.gif in Resources */ = {isa = PBXBuildFile; fileRef = 2C58291C1B6982720099842B /* motiv8gif.gif */; };
		2C5DA1DA1B6AB5B7004C05C4 /* RewardsViewController.swift in Sources */ = {isa = PBXBuildFile; fileRef = 2C5DA1D91B6AB5B7004C05C4 /* RewardsViewController.swift */; };
		2C5DA1DC1B6ABB21004C05C4 /* CustomSegueClass.swift in Sources */ = {isa = PBXBuildFile; fileRef = 2C5DA1DB1B6ABB21004C05C4 /* CustomSegueClass.swift */; };
		2C5DA1DE1B6ABE98004C05C4 /* InitialViewController.swift in Sources */ = {isa = PBXBuildFile; fileRef = 2C5DA1DD1B6ABE98004C05C4 /* InitialViewController.swift */; };
		2C5DA1E01B6AC3C7004C05C4 /* LeaderboardViewController.swift in Sources */ = {isa = PBXBuildFile; fileRef = 2C5DA1DF1B6AC3C7004C05C4 /* LeaderboardViewController.swift */; };
		2C5DA1E21B6ACB82004C05C4 /* AboutViewController.swift in Sources */ = {isa = PBXBuildFile; fileRef = 2C5DA1E11B6ACB82004C05C4 /* AboutViewController.swift */; };
		2C5DA1E51B6ACC83004C05C4 /* Main.storyboard in Resources */ = {isa = PBXBuildFile; fileRef = 2C5DA1E31B6ACC83004C05C4 /* Main.storyboard */; };
/* End PBXBuildFile section */

/* Begin PBXContainerItemProxy section */
		2C5829051B6964B50099842B /* PBXContainerItemProxy */ = {
			isa = PBXContainerItemProxy;
			containerPortal = 2C5828E71B6964B50099842B /* Project object */;
			proxyType = 1;
			remoteGlobalIDString = 2C5828EE1B6964B50099842B;
			remoteInfo = Motiv8;
		};
/* End PBXContainerItemProxy section */

/* Begin PBXFileReference section */
		2C5828EF1B6964B50099842B /* Motiv8.app */ = {isa = PBXFileReference; explicitFileType = wrapper.application; includeInIndex = 0; path = Motiv8.app; sourceTree = BUILT_PRODUCTS_DIR; };
		2C5828F31B6964B50099842B /* Info.plist */ = {isa = PBXFileReference; lastKnownFileType = text.plist.xml; path = Info.plist; sourceTree = "<group>"; };
		2C5828F41B6964B50099842B /* AppDelegate.swift */ = {isa = PBXFileReference; lastKnownFileType = sourcecode.swift; path = AppDelegate.swift; sourceTree = "<group>"; };
		2C5828F61B6964B50099842B /* HomeViewController.swift */ = {isa = PBXFileReference; lastKnownFileType = sourcecode.swift; path = HomeViewController.swift; sourceTree = "<group>"; };
		2C5828FB1B6964B50099842B /* Images.xcassets */ = {isa = PBXFileReference; lastKnownFileType = folder.assetcatalog; path = Images.xcassets; sourceTree = "<group>"; };
		2C5828FE1B6964B50099842B /* Base */ = {isa = PBXFileReference; lastKnownFileType = file.xib; name = Base; path = Base.lproj/LaunchScreen.xib; sourceTree = "<group>"; };
		2C5829041B6964B50099842B /* Motiv8Tests.xctest */ = {isa = PBXFileReference; explicitFileType = wrapper.cfbundle; includeInIndex = 0; path = Motiv8Tests.xctest; sourceTree = BUILT_PRODUCTS_DIR; };
		2C5829091B6964B50099842B /* Info.plist */ = {isa = PBXFileReference; lastKnownFileType = text.plist.xml; path = Info.plist; sourceTree = "<group>"; };
		2C58290A1B6964B50099842B /* Motiv8Tests.swift */ = {isa = PBXFileReference; lastKnownFileType = sourcecode.swift; path = Motiv8Tests.swift; sourceTree = "<group>"; };
		2C5829141B69651A0099842B /* NavigationCell.swift */ = {isa = PBXFileReference; fileEncoding = 4; lastKnownFileType = sourcecode.swift; path = NavigationCell.swift; sourceTree = "<group>"; };
		2C5829161B69653E0099842B /* NavigationTransitionOperator.swift */ = {isa = PBXFileReference; fileEncoding = 4; lastKnownFileType = sourcecode.swift; path = NavigationTransitionOperator.swift; sourceTree = "<group>"; };
		2C5829181B69655D0099842B /* NavigationViewController.swift */ = {isa = PBXFileReference; fileEncoding = 4; lastKnownFileType = sourcecode.swift; path = NavigationViewController.swift; sourceTree = "<group>"; };
		2C58291C1B6982720099842B /* motiv8gif.gif */ = {isa = PBXFileReference; lastKnownFileType = image.gif; path = motiv8gif.gif; sourceTree = "<group>"; };
		2C5DA1D91B6AB5B7004C05C4 /* RewardsViewController.swift */ = {isa = PBXFileReference; fileEncoding = 4; lastKnownFileType = sourcecode.swift; path = RewardsViewController.swift; sourceTree = "<group>"; };
		2C5DA1DB1B6ABB21004C05C4 /* CustomSegueClass.swift */ = {isa = PBXFileReference; fileEncoding = 4; lastKnownFileType = sourcecode.swift; path = CustomSegueClass.swift; sourceTree = "<group>"; };
		2C5DA1DD1B6ABE98004C05C4 /* InitialViewController.swift */ = {isa = PBXFileReference; fileEncoding = 4; lastKnownFileType = sourcecode.swift; path = InitialViewController.swift; sourceTree = "<group>"; };
		2C5DA1DF1B6AC3C7004C05C4 /* LeaderboardViewController.swift */ = {isa = PBXFileReference; fileEncoding = 4; lastKnownFileType = sourcecode.swift; path = LeaderboardViewController.swift; sourceTree = "<group>"; };
		2C5DA1E11B6ACB82004C05C4 /* AboutViewController.swift */ = {isa = PBXFileReference; fileEncoding = 4; lastKnownFileType = sourcecode.swift; path = AboutViewController.swift; sourceTree = "<group>"; };
		2C5DA1E41B6ACC83004C05C4 /* Base */ = {isa = PBXFileReference; lastKnownFileType = file.storyboard; name = Base; path = Base.lproj/Main.storyboard; sourceTree = "<group>"; };
/* End PBXFileReference section */

/* Begin PBXFrameworksBuildPhase section */
		2C5828EC1B6964B50099842B /* Frameworks */ = {
			isa = PBXFrameworksBuildPhase;
			buildActionMask = 2147483647;
			files = (
			);
			runOnlyForDeploymentPostprocessing = 0;
		};
		2C5829011B6964B50099842B /* Frameworks */ = {
			isa = PBXFrameworksBuildPhase;
			buildActionMask = 2147483647;
			files = (
			);
			runOnlyForDeploymentPostprocessing = 0;
		};
/* End PBXFrameworksBuildPhase section */

/* Begin PBXGroup section */
		2C5828E61B6964B50099842B = {
			isa = PBXGroup;
			children = (
				2C5828F11B6964B50099842B /* Motiv8 */,
				2C5829071B6964B50099842B /* Motiv8Tests */,
				2C5828F01B6964B50099842B /* Products */,
			);
			sourceTree = "<group>";
		};
		2C5828F01B6964B50099842B /* Products */ = {
			isa = PBXGroup;
			children = (
				2C5828EF1B6964B50099842B /* Motiv8.app */,
				2C5829041B6964B50099842B /* Motiv8Tests.xctest */,
			);
			name = Products;
			sourceTree = "<group>";
		};
		2C5828F11B6964B50099842B /* Motiv8 */ = {
			isa = PBXGroup;
			children = (
				2C58291C1B6982720099842B /* motiv8gif.gif */,
				2C5828F41B6964B50099842B /* AppDelegate.swift */,
				2C5828F61B6964B50099842B /* HomeViewController.swift */,
				2C5DA1DD1B6ABE98004C05C4 /* InitialViewController.swift */,
				2C5829181B69655D0099842B /* NavigationViewController.swift */,
				2C5DA1D91B6AB5B7004C05C4 /* RewardsViewController.swift */,
				2C5DA1DF1B6AC3C7004C05C4 /* LeaderboardViewController.swift */,
				2C5DA1E11B6ACB82004C05C4 /* AboutViewController.swift */,
				2C5829141B69651A0099842B /* NavigationCell.swift */,
				2C5829161B69653E0099842B /* NavigationTransitionOperator.swift */,
				2C5DA1DB1B6ABB21004C05C4 /* CustomSegueClass.swift */,
				2C5DA1E31B6ACC83004C05C4 /* Main.storyboard */,
				2C5828FD1B6964B50099842B /* LaunchScreen.xib */,
				2C5828FB1B6964B50099842B /* Images.xcassets */,
				2C5828F21B6964B50099842B /* Supporting Files */,
			);
			path = Motiv8;
			sourceTree = "<group>";
		};
		2C5828F21B6964B50099842B /* Supporting Files */ = {
			isa = PBXGroup;
			children = (
				2C5828F31B6964B50099842B /* Info.plist */,
			);
			name = "Supporting Files";
			sourceTree = "<group>";
		};
		2C5829071B6964B50099842B /* Motiv8Tests */ = {
			isa = PBXGroup;
			children = (
				2C58290A1B6964B50099842B /* Motiv8Tests.swift */,
				2C5829081B6964B50099842B /* Supporting Files */,
			);
			path = Motiv8Tests;
			sourceTree = "<group>";
		};
		2C5829081B6964B50099842B /* Supporting Files */ = {
			isa = PBXGroup;
			children = (
				2C5829091B6964B50099842B /* Info.plist */,
			);
			name = "Supporting Files";
			sourceTree = "<group>";
		};
/* End PBXGroup section */

/* Begin PBXNativeTarget section */
		2C5828EE1B6964B50099842B /* Motiv8 */ = {
			isa = PBXNativeTarget;
			buildConfigurationList = 2C58290E1B6964B50099842B /* Build configuration list for PBXNativeTarget "Motiv8" */;
			buildPhases = (
				2C5828EB1B6964B50099842B /* Sources */,
				2C5828EC1B6964B50099842B /* Frameworks */,
				2C5828ED1B6964B50099842B /* Resources */,
			);
			buildRules = (
			);
			dependencies = (
			);
			name = Motiv8;
			productName = Motiv8;
			productReference = 2C5828EF1B6964B50099842B /* Motiv8.app */;
			productType = "com.apple.product-type.application";
		};
		2C5829031B6964B50099842B /* Motiv8Tests */ = {
			isa = PBXNativeTarget;
			buildConfigurationList = 2C5829111B6964B50099842B /* Build configuration list for PBXNativeTarget "Motiv8Tests" */;
			buildPhases = (
				2C5829001B6964B50099842B /* Sources */,
				2C5829011B6964B50099842B /* Frameworks */,
				2C5829021B6964B50099842B /* Resources */,
			);
			buildRules = (
			);
			dependencies = (
				2C5829061B6964B50099842B /* PBXTargetDependency */,
			);
			name = Motiv8Tests;
			productName = Motiv8Tests;
			productReference = 2C5829041B6964B50099842B /* Motiv8Tests.xctest */;
			productType = "com.apple.product-type.bundle.unit-test";
		};
/* End PBXNativeTarget section */

/* Begin PBXProject section */
		2C5828E71B6964B50099842B /* Project object */ = {
			isa = PBXProject;
			attributes = {
				LastUpgradeCheck = 0640;
				ORGANIZATIONNAME = Motiv8;
				TargetAttributes = {
					2C5828EE1B6964B50099842B = {
						CreatedOnToolsVersion = 6.4;
					};
					2C5829031B6964B50099842B = {
						CreatedOnToolsVersion = 6.4;
						TestTargetID = 2C5828EE1B6964B50099842B;
					};
				};
			};
			buildConfigurationList = 2C5828EA1B6964B50099842B /* Build configuration list for PBXProject "Motiv8" */;
			compatibilityVersion = "Xcode 3.2";
			developmentRegion = English;
			hasScannedForEncodings = 0;
			knownRegions = (
				en,
				Base,
			);
			mainGroup = 2C5828E61B6964B50099842B;
			productRefGroup = 2C5828F01B6964B50099842B /* Products */;
			projectDirPath = "";
			projectRoot = "";
			targets = (
				2C5828EE1B6964B50099842B /* Motiv8 */,
				2C5829031B6964B50099842B /* Motiv8Tests */,
			);
		};
/* End PBXProject section */

/* Begin PBXResourcesBuildPhase section */
		2C5828ED1B6964B50099842B /* Resources */ = {
			isa = PBXResourcesBuildPhase;
			buildActionMask = 2147483647;
			files = (
				2C5828FF1B6964B50099842B /* LaunchScreen.xib in Resources */,
				2C58291D1B6982720099842B /* motiv8gif.gif in Resources */,
				2C5828FC1B6964B50099842B /* Images.xcassets in Resources */,
				2C5DA1E51B6ACC83004C05C4 /* Main.storyboard in Resources */,
			);
			runOnlyForDeploymentPostprocessing = 0;
		};
		2C5829021B6964B50099842B /* Resources */ = {
			isa = PBXResourcesBuildPhase;
			buildActionMask = 2147483647;
			files = (
			);
			runOnlyForDeploymentPostprocessing = 0;
		};
/* End PBXResourcesBuildPhase section */

/* Begin PBXSourcesBuildPhase section */
		2C5828EB1B6964B50099842B /* Sources */ = {
			isa = PBXSourcesBuildPhase;
			buildActionMask = 2147483647;
			files = (
				2C5829171B69653E0099842B /* NavigationTransitionOperator.swift in Sources */,
				2C5828F71B6964B50099842B /* HomeViewController.swift in Sources */,
				2C5828F51B6964B50099842B /* AppDelegate.swift in Sources */,
				2C5DA1DC1B6ABB21004C05C4 /* CustomSegueClass.swift in Sources */,
				2C5DA1E01B6AC3C7004C05C4 /* LeaderboardViewController.swift in Sources */,
				2C5829151B69651A0099842B /* NavigationCell.swift in Sources */,
				2C5829191B69655D0099842B /* NavigationViewController.swift in Sources */,
				2C5DA1DA1B6AB5B7004C05C4 /* RewardsViewController.swift in Sources */,
				2C5DA1E21B6ACB82004C05C4 /* AboutViewController.swift in Sources */,
				2C5DA1DE1B6ABE98004C05C4 /* InitialViewController.swift in Sources */,
			);
			runOnlyForDeploymentPostprocessing = 0;
		};
		2C5829001B6964B50099842B /* Sources */ = {
			isa = PBXSourcesBuildPhase;
			buildActionMask = 2147483647;
			files = (
				2C58290B1B6964B50099842B /* Motiv8Tests.swift in Sources */,
			);
			runOnlyForDeploymentPostprocessing = 0;
		};
/* End PBXSourcesBuildPhase section */

/* Begin PBXTargetDependency section */
		2C5829061B6964B50099842B /* PBXTargetDependency */ = {
			isa = PBXTargetDependency;
			target = 2C5828EE1B6964B50099842B /* Motiv8 */;
			targetProxy = 2C5829051B6964B50099842B /* PBXContainerItemProxy */;
		};
/* End PBXTargetDependency section */

/* Begin PBXVariantGroup section */
		2C5828FD1B6964B50099842B /* LaunchScreen.xib */ = {
			isa = PBXVariantGroup;
			children = (
				2C5828FE1B6964B50099842B /* Base */,
			);
			name = LaunchScreen.xib;
			sourceTree = "<group>";
		};
		2C5DA1E31B6ACC83004C05C4 /* Main.storyboard */ = {
			isa = PBXVariantGroup;
			children = (
				2C5DA1E41B6ACC83004C05C4 /* Base */,
			);
			name = Main.storyboard;
			sourceTree = "<group>";
		};
/* End PBXVariantGroup section */

/* Begin XCBuildConfiguration section */
		2C58290C1B6964B50099842B /* Debug */ = {
			isa = XCBuildConfiguration;
			buildSettings = {
				ALWAYS_SEARCH_USER_PATHS = NO;
				CLANG_CXX_LANGUAGE_STANDARD = "gnu++0x";
				CLANG_CXX_LIBRARY = "libc++";
				CLANG_ENABLE_MODULES = YES;
				CLANG_ENABLE_OBJC_ARC = YES;
				CLANG_WARN_BOOL_CONVERSION = YES;
				CLANG_WARN_CONSTANT_CONVERSION = YES;
				CLANG_WARN_DIRECT_OBJC_ISA_USAGE = YES_ERROR;
				CLANG_WARN_EMPTY_BODY = YES;
				CLANG_WARN_ENUM_CONVERSION = YES;
				CLANG_WARN_INT_CONVERSION = YES;
				CLANG_WARN_OBJC_ROOT_CLASS = YES_ERROR;
				CLANG_WARN_UNREACHABLE_CODE = YES;
				CLANG_WARN__DUPLICATE_METHOD_MATCH = YES;
				"CODE_SIGN_IDENTITY[sdk=iphoneos*]" = "iPhone Developer";
				COPY_PHASE_STRIP = NO;
				DEBUG_INFORMATION_FORMAT = "dwarf-with-dsym";
				ENABLE_STRICT_OBJC_MSGSEND = YES;
				GCC_C_LANGUAGE_STANDARD = gnu99;
				GCC_DYNAMIC_NO_PIC = NO;
				GCC_NO_COMMON_BLOCKS = YES;
				GCC_OPTIMIZATION_LEVEL = 0;
				GCC_PREPROCESSOR_DEFINITIONS = (
					"DEBUG=1",
					"$(inherited)",
				);
				GCC_SYMBOLS_PRIVATE_EXTERN = NO;
				GCC_WARN_64_TO_32_BIT_CONVERSION = YES;
				GCC_WARN_ABOUT_RETURN_TYPE = YES_ERROR;
				GCC_WARN_UNDECLARED_SELECTOR = YES;
				GCC_WARN_UNINITIALIZED_AUTOS = YES_AGGRESSIVE;
				GCC_WARN_UNUSED_FUNCTION = YES;
				GCC_WARN_UNUSED_VARIABLE = YES;
				IPHONEOS_DEPLOYMENT_TARGET = 8.4;
				MTL_ENABLE_DEBUG_INFO = YES;
				ONLY_ACTIVE_ARCH = YES;
				SDKROOT = iphoneos;
				SWIFT_OPTIMIZATION_LEVEL = "-Onone";
			};
			name = Debug;
		};
		2C58290D1B6964B50099842B /* Release */ = {
			isa = XCBuildConfiguration;
			buildSettings = {
				ALWAYS_SEARCH_USER_PATHS = NO;
				CLANG_CXX_LANGUAGE_STANDARD = "gnu++0x";
				CLANG_CXX_LIBRARY = "libc++";
				CLANG_ENABLE_MODULES = YES;
				CLANG_ENABLE_OBJC_ARC = YES;
				CLANG_WARN_BOOL_CONVERSION = YES;
				CLANG_WARN_CONSTANT_CONVERSION = YES;
				CLANG_WARN_DIRECT_OBJC_ISA_USAGE = YES_ERROR;
				CLANG_WARN_EMPTY_BODY = YES;
				CLANG_WARN_ENUM_CONVERSION = YES;
				CLANG_WARN_INT_CONVERSION = YES;
				CLANG_WARN_OBJC_ROOT_CLASS = YES_ERROR;
				CLANG_WARN_UNREACHABLE_CODE = YES;
				CLANG_WARN__DUPLICATE_METHOD_MATCH = YES;
				"CODE_SIGN_IDENTITY[sdk=iphoneos*]" = "iPhone Developer";
				COPY_PHASE_STRIP = NO;
				DEBUG_INFORMATION_FORMAT = "dwarf-with-dsym";
				ENABLE_NS_ASSERTIONS = NO;
				ENABLE_STRICT_OBJC_MSGSEND = YES;
				GCC_C_LANGUAGE_STANDARD = gnu99;
				GCC_NO_COMMON_BLOCKS = YES;
				GCC_WARN_64_TO_32_BIT_CONVERSION = YES;
				GCC_WARN_ABOUT_RETURN_TYPE = YES_ERROR;
				GCC_WARN_UNDECLARED_SELECTOR = YES;
				GCC_WARN_UNINITIALIZED_AUTOS = YES_AGGRESSIVE;
				GCC_WARN_UNUSED_FUNCTION = YES;
				GCC_WARN_UNUSED_VARIABLE = YES;
				IPHONEOS_DEPLOYMENT_TARGET = 8.4;
				MTL_ENABLE_DEBUG_INFO = NO;
				SDKROOT = iphoneos;
				VALIDATE_PRODUCT = YES;
			};
			name = Release;
		};
		2C58290F1B6964B50099842B /* Debug */ = {
			isa = XCBuildConfiguration;
			buildSettings = {
				ASSETCATALOG_COMPILER_APPICON_NAME = AppIcon;
				INFOPLIST_FILE = Motiv8/Info.plist;
				LD_RUNPATH_SEARCH_PATHS = "$(inherited) @executable_path/Frameworks";
				PRODUCT_NAME = "$(TARGET_NAME)";
			};
			name = Debug;
		};
		2C5829101B6964B50099842B /* Release */ = {
			isa = XCBuildConfiguration;
			buildSettings = {
				ASSETCATALOG_COMPILER_APPICON_NAME = AppIcon;
				INFOPLIST_FILE = Motiv8/Info.plist;
				LD_RUNPATH_SEARCH_PATHS = "$(inherited) @executable_path/Frameworks";
				PRODUCT_NAME = "$(TARGET_NAME)";
			};
			name = Release;
		};
		2C5829121B6964B50099842B /* Debug */ = {
			isa = XCBuildConfiguration;
			buildSettings = {
				BUNDLE_LOADER = "$(TEST_HOST)";
				FRAMEWORK_SEARCH_PATHS = (
					"$(SDKROOT)/Developer/Library/Frameworks",
					"$(inherited)",
				);
				GCC_PREPROCESSOR_DEFINITIONS = (
					"DEBUG=1",
					"$(inherited)",
				);
				INFOPLIST_FILE = Motiv8Tests/Info.plist;
				LD_RUNPATH_SEARCH_PATHS = "$(inherited) @executable_path/Frameworks @loader_path/Frameworks";
				PRODUCT_NAME = "$(TARGET_NAME)";
				TEST_HOST = "$(BUILT_PRODUCTS_DIR)/Motiv8.app/Motiv8";
			};
			name = Debug;
		};
		2C5829131B6964B50099842B /* Release */ = {
			isa = XCBuildConfiguration;
			buildSettings = {
				BUNDLE_LOADER = "$(TEST_HOST)";
				FRAMEWORK_SEARCH_PATHS = (
					"$(SDKROOT)/Developer/Library/Frameworks",
					"$(inherited)",
				);
				INFOPLIST_FILE = Motiv8Tests/Info.plist;
				LD_RUNPATH_SEARCH_PATHS = "$(inherited) @executable_path/Frameworks @loader_path/Frameworks";
				PRODUCT_NAME = "$(TARGET_NAME)";
				TEST_HOST = "$(BUILT_PRODUCTS_DIR)/Motiv8.app/Motiv8";
			};
			name = Release;
		};
/* End XCBuildConfiguration section */

/* Begin XCConfigurationList section */
		2C5828EA1B6964B50099842B /* Build configuration list for PBXProject "Motiv8" */ = {
			isa = XCConfigurationList;
			buildConfigurations = (
				2C58290C1B6964B50099842B /* Debug */,
				2C58290D1B6964B50099842B /* Release */,
			);
			defaultConfigurationIsVisible = 0;
			defaultConfigurationName = Release;
		};
		2C58290E1B6964B50099842B /* Build configuration list for PBXNativeTarget "Motiv8" */ = {
			isa = XCConfigurationList;
			buildConfigurations = (
				2C58290F1B6964B50099842B /* Debug */,
				2C5829101B6964B50099842B /* Release */,
			);
			defaultConfigurationIsVisible = 0;
			defaultConfigurationName = Release;
		};
		2C5829111B6964B50099842B /* Build configuration list for PBXNativeTarget "Motiv8Tests" */ = {
			isa = XCConfigurationList;
			buildConfigurations = (
				2C5829121B6964B50099842B /* Debug */,
				2C5829131B6964B50099842B /* Release */,
			);
			defaultConfigurationIsVisible = 0;
			defaultConfigurationName = Release;
		};
/* End XCConfigurationList section */
	};
	rootObject = 2C5828E71B6964B50099842B /* Project object */;
}
